lockfileVersion: '9.0'

settings:
  autoInstallPeers: true
  excludeLinksFromLockfile: false

importers:

  .:
    dependencies:
      '@mediapipe/tasks-vision':
        specifier: ^0.10.34
        version: 0.10.34

packages:

  '@mediapipe/tasks-vision@0.10.34':
    resolution: {integrity: sha512-KFGyhDsjJ+9WUMcMfjTOpcEp3LJNS3KwC7BfvKrCYELn/7G/5kmwnU7z6Spps+iWQoTGL8xW8i68r65OTa3DwA==}

snapshots:

  '@mediapipe/tasks-vision@0.10.34': {}
